// !$*UTF8*$!
{
	archiveVersion = 1;
	classes = {
	};
	objectVersion = 55;
	objects = {

/* Begin PBXBuildFile section */
		0A98BCE028364785000183A4 /* loginUI.storyboard in Resources */ = {isa = PBXBuildFile; fileRef = 0A98BCDF28364785000183A4 /* loginUI.storyboard */; };
		0A98BCE228364C26000183A4 /* LoginViewController.swift in Sources */ = {isa = PBXBuildFile; fileRef = 0A98BCE128364C26000183A4 /* LoginViewController.swift */; };
		0A98BCFA28366636000183A4 /* HLF_Clone_iOSUITests.swift in Sources */ = {isa = PBXBuildFile; fileRef = 0A98BCF928366636000183A4 /* HLF_Clone_iOSUITests.swift */; };
		0A98BCFC28366636000183A4 /* HLF_Clone_iOSUITestsLaunchTests.swift in Sources */ = {isa = PBXBuildFile; fileRef = 0A98BCFB28366636000183A4 /* HLF_Clone_iOSUITestsLaunchTests.swift */; };
		0A98BD1D283B85AE000183A4 /* HLF_Clone_iOSTests.swift in Sources */ = {isa = PBXBuildFile; fileRef = 0A98BD1C283B85AE000183A4 /* HLF_Clone_iOSTests.swift */; };
		0A98BD3E283B91EC000183A4 /* StringExtensions.swift in Sources */ = {isa = PBXBuildFile; fileRef = 0A98BD3D283B91EC000183A4 /* StringExtensions.swift */; };
		0A98BD40283B923B000183A4 /* LoginRequest.swift in Sources */ = {isa = PBXBuildFile; fileRef = 0A98BD3F283B923B000183A4 /* LoginRequest.swift */; };
		0A98BD42283B925D000183A4 /* LoginResponse.swift in Sources */ = {isa = PBXBuildFile; fileRef = 0A98BD41283B925D000183A4 /* LoginResponse.swift */; };
		0A98BD44283B927C000183A4 /* loginData.swift in Sources */ = {isa = PBXBuildFile; fileRef = 0A98BD43283B927C000183A4 /* loginData.swift */; };
		0A98BD46283B9296000183A4 /* LoginHandlers.swift in Sources */ = {isa = PBXBuildFile; fileRef = 0A98BD45283B9296000183A4 /* LoginHandlers.swift */; };
		0A98BD48283B92C4000183A4 /* loginApiResource.swift in Sources */ = {isa = PBXBuildFile; fileRef = 0A98BD47283B92C4000183A4 /* loginApiResource.swift */; };
		0A98BD4A283B92F2000183A4 /* ValidationResponse.swift in Sources */ = {isa = PBXBuildFile; fileRef = 0A98BD49283B92F2000183A4 /* ValidationResponse.swift */; };
		0A98BD4C283B9316000183A4 /* LoginValidation.swift in Sources */ = {isa = PBXBuildFile; fileRef = 0A98BD4B283B9316000183A4 /* LoginValidation.swift */; };
		55E93BD92836088600E1A88E /* AppDelegate.swift in Sources */ = {isa = PBXBuildFile; fileRef = 55E93BD82836088600E1A88E /* AppDelegate.swift */; };
		55E93BDB2836088600E1A88E /* SceneDelegate.swift in Sources */ = {isa = PBXBuildFile; fileRef = 55E93BDA2836088600E1A88E /* SceneDelegate.swift */; };
		55E93BDD2836088600E1A88E /* ViewController.swift in Sources */ = {isa = PBXBuildFile; fileRef = 55E93BDC2836088600E1A88E /* ViewController.swift */; };
		55E93BE02836088600E1A88E /* Main.storyboard in Resources */ = {isa = PBXBuildFile; fileRef = 55E93BDE2836088600E1A88E /* Main.storyboard */; };
		55E93BE22836088800E1A88E /* Assets.xcassets in Resources */ = {isa = PBXBuildFile; fileRef = 55E93BE12836088800E1A88E /* Assets.xcassets */; };
		55E93BE52836088800E1A88E /* LaunchScreen.storyboard in Resources */ = {isa = PBXBuildFile; fileRef = 55E93BE32836088800E1A88E /* LaunchScreen.storyboard */; };
		55E93BEE28360D7500E1A88E /* SignUpModel.swift in Sources */ = {isa = PBXBuildFile; fileRef = 55E93BED28360D7500E1A88E /* SignUpModel.swift */; };
/* End PBXBuildFile section */

/* Begin PBXContainerItemProxy section */
		0A98BCFD28366636000183A4 /* PBXContainerItemProxy */ = {
			isa = PBXContainerItemProxy;
			containerPortal = 55E93BCD2836088600E1A88E /* Project object */;
			proxyType = 1;
			remoteGlobalIDString = 55E93BD42836088600E1A88E;
			remoteInfo = "HLF-Clone-iOS";
		};
		0A98BD1E283B85AE000183A4 /* PBXContainerItemProxy */ = {
			isa = PBXContainerItemProxy;
			containerPortal = 55E93BCD2836088600E1A88E /* Project object */;
			proxyType = 1;
			remoteGlobalIDString = 55E93BD42836088600E1A88E;
			remoteInfo = "HLF-Clone-iOS";
		};
/* End PBXContainerItemProxy section */

/* Begin PBXFileReference section */
		0A98BCDF28364785000183A4 /* loginUI.storyboard */ = {isa = PBXFileReference; lastKnownFileType = file.storyboard; path = loginUI.storyboard; sourceTree = "<group>"; };
		0A98BCE128364C26000183A4 /* LoginViewController.swift */ = {isa = PBXFileReference; lastKnownFileType = sourcecode.swift; path = LoginViewController.swift; sourceTree = "<group>"; };
		0A98BCF728366636000183A4 /* HLF-Clone-iOSUITests.xctest */ = {isa = PBXFileReference; explicitFileType = wrapper.cfbundle; includeInIndex = 0; path = "HLF-Clone-iOSUITests.xctest"; sourceTree = BUILT_PRODUCTS_DIR; };
		0A98BCF928366636000183A4 /* HLF_Clone_iOSUITests.swift */ = {isa = PBXFileReference; lastKnownFileType = sourcecode.swift; path = HLF_Clone_iOSUITests.swift; sourceTree = "<group>"; };
		0A98BCFB28366636000183A4 /* HLF_Clone_iOSUITestsLaunchTests.swift */ = {isa = PBXFileReference; lastKnownFileType = sourcecode.swift; path = HLF_Clone_iOSUITestsLaunchTests.swift; sourceTree = "<group>"; };
		0A98BD1A283B85AE000183A4 /* HLF-Clone-iOSTests.xctest */ = {isa = PBXFileReference; explicitFileType = wrapper.cfbundle; includeInIndex = 0; path = "HLF-Clone-iOSTests.xctest"; sourceTree = BUILT_PRODUCTS_DIR; };
		0A98BD1C283B85AE000183A4 /* HLF_Clone_iOSTests.swift */ = {isa = PBXFileReference; lastKnownFileType = sourcecode.swift; path = HLF_Clone_iOSTests.swift; sourceTree = "<group>"; };
		0A98BD3D283B91EC000183A4 /* StringExtensions.swift */ = {isa = PBXFileReference; lastKnownFileType = sourcecode.swift; path = StringExtensions.swift; sourceTree = "<group>"; };
		0A98BD3F283B923B000183A4 /* LoginRequest.swift */ = {isa = PBXFileReference; lastKnownFileType = sourcecode.swift; path = LoginRequest.swift; sourceTree = "<group>"; };
		0A98BD41283B925D000183A4 /* LoginResponse.swift */ = {isa = PBXFileReference; lastKnownFileType = sourcecode.swift; path = LoginResponse.swift; sourceTree = "<group>"; };
		0A98BD43283B927C000183A4 /* loginData.swift */ = {isa = PBXFileReference; lastKnownFileType = sourcecode.swift; path = loginData.swift; sourceTree = "<group>"; };
		0A98BD45283B9296000183A4 /* LoginHandlers.swift */ = {isa = PBXFileReference; lastKnownFileType = sourcecode.swift; path = LoginHandlers.swift; sourceTree = "<group>"; };
		0A98BD47283B92C4000183A4 /* loginApiResource.swift */ = {isa = PBXFileReference; lastKnownFileType = sourcecode.swift; path = loginApiResource.swift; sourceTree = "<group>"; };
		0A98BD49283B92F2000183A4 /* ValidationResponse.swift */ = {isa = PBXFileReference; lastKnownFileType = sourcecode.swift; path = ValidationResponse.swift; sourceTree = "<group>"; };
		0A98BD4B283B9316000183A4 /* LoginValidation.swift */ = {isa = PBXFileReference; lastKnownFileType = sourcecode.swift; path = LoginValidation.swift; sourceTree = "<group>"; };
		55E93BD52836088600E1A88E /* HLF-Clone-iOS.app */ = {isa = PBXFileReference; explicitFileType = wrapper.application; includeInIndex = 0; path = "HLF-Clone-iOS.app"; sourceTree = BUILT_PRODUCTS_DIR; };
		55E93BD82836088600E1A88E /* AppDelegate.swift */ = {isa = PBXFileReference; lastKnownFileType = sourcecode.swift; path = AppDelegate.swift; sourceTree = "<group>"; };
		55E93BDA2836088600E1A88E /* SceneDelegate.swift */ = {isa = PBXFileReference; lastKnownFileType = sourcecode.swift; path = SceneDelegate.swift; sourceTree = "<group>"; };
		55E93BDC2836088600E1A88E /* ViewController.swift */ = {isa = PBXFileReference; lastKnownFileType = sourcecode.swift; path = ViewController.swift; sourceTree = "<group>"; };
		55E93BDF2836088600E1A88E /* Base */ = {isa = PBXFileReference; lastKnownFileType = file.storyboard; name = Base; path = Base.lproj/Main.storyboard; sourceTree = "<group>"; };
		55E93BE12836088800E1A88E /* Assets.xcassets */ = {isa = PBXFileReference; lastKnownFileType = folder.assetcatalog; path = Assets.xcassets; sourceTree = "<group>"; };
		55E93BE42836088800E1A88E /* Base */ = {isa = PBXFileReference; lastKnownFileType = file.storyboard; name = Base; path = Base.lproj/LaunchScreen.storyboard; sourceTree = "<group>"; };
		55E93BE62836088800E1A88E /* Info.plist */ = {isa = PBXFileReference; lastKnownFileType = text.plist.xml; path = Info.plist; sourceTree = "<group>"; };
		55E93BED28360D7500E1A88E /* SignUpModel.swift */ = {isa = PBXFileReference; lastKnownFileType = sourcecode.swift; path = SignUpModel.swift; sourceTree = "<group>"; };
/* End PBXFileReference section */

/* Begin PBXFrameworksBuildPhase section */
		0A98BCF428366636000183A4 /* Frameworks */ = {
			isa = PBXFrameworksBuildPhase;
			buildActionMask = 2147483647;
			files = (
			);
			runOnlyForDeploymentPostprocessing = 0;
		};
		0A98BD17283B85AE000183A4 /* Frameworks */ = {
			isa = PBXFrameworksBuildPhase;
			buildActionMask = 2147483647;
			files = (
			);
			runOnlyForDeploymentPostprocessing = 0;
		};
		55E93BD22836088600E1A88E /* Frameworks */ = {
			isa = PBXFrameworksBuildPhase;
			buildActionMask = 2147483647;
			files = (
			);
			runOnlyForDeploymentPostprocessing = 0;
		};
/* End PBXFrameworksBuildPhase section */

/* Begin PBXGroup section */
		0A98BCDE28364767000183A4 /* login */ = {
			isa = PBXGroup;
			children = (
				0A98BCDF28364785000183A4 /* loginUI.storyboard */,
				0A98BCE128364C26000183A4 /* LoginViewController.swift */,
				0A98BD3D283B91EC000183A4 /* StringExtensions.swift */,
				0A98BD3F283B923B000183A4 /* LoginRequest.swift */,
				0A98BD41283B925D000183A4 /* LoginResponse.swift */,
				0A98BD43283B927C000183A4 /* loginData.swift */,
				0A98BD45283B9296000183A4 /* LoginHandlers.swift */,
				0A98BD47283B92C4000183A4 /* loginApiResource.swift */,
				0A98BD49283B92F2000183A4 /* ValidationResponse.swift */,
				0A98BD4B283B9316000183A4 /* LoginValidation.swift */,
			);
			path = login;
			sourceTree = "<group>";
		};
		0A98BCF828366636000183A4 /* HLF-Clone-iOSUITests */ = {
			isa = PBXGroup;
			children = (
				0A98BCF928366636000183A4 /* HLF_Clone_iOSUITests.swift */,
				0A98BCFB28366636000183A4 /* HLF_Clone_iOSUITestsLaunchTests.swift */,
			);
			path = "HLF-Clone-iOSUITests";
			sourceTree = "<group>";
		};
		0A98BD1B283B85AE000183A4 /* HLF-Clone-iOSTests */ = {
			isa = PBXGroup;
			children = (
				0A98BD1C283B85AE000183A4 /* HLF_Clone_iOSTests.swift */,
			);
			path = "HLF-Clone-iOSTests";
			sourceTree = "<group>";
		};
		55E93BCC2836088600E1A88E = {
			isa = PBXGroup;
			children = (
				55E93BD72836088600E1A88E /* HLF-Clone-iOS */,
				0A98BCF828366636000183A4 /* HLF-Clone-iOSUITests */,
				0A98BD1B283B85AE000183A4 /* HLF-Clone-iOSTests */,
				55E93BD62836088600E1A88E /* Products */,
			);
			sourceTree = "<group>";
		};
		55E93BD62836088600E1A88E /* Products */ = {
			isa = PBXGroup;
			children = (
				55E93BD52836088600E1A88E /* HLF-Clone-iOS.app */,
				0A98BCF728366636000183A4 /* HLF-Clone-iOSUITests.xctest */,
				0A98BD1A283B85AE000183A4 /* HLF-Clone-iOSTests.xctest */,
			);
			name = Products;
			sourceTree = "<group>";
		};
		55E93BD72836088600E1A88E /* HLF-Clone-iOS */ = {
			isa = PBXGroup;
			children = (
				0A98BCDE28364767000183A4 /* login */,
				55E93BEC28360D6400E1A88E /* SignUp */,
				55E93BD82836088600E1A88E /* AppDelegate.swift */,
				55E93BDA2836088600E1A88E /* SceneDelegate.swift */,
				55E93BDC2836088600E1A88E /* ViewController.swift */,
				55E93BDE2836088600E1A88E /* Main.storyboard */,
				55E93BE12836088800E1A88E /* Assets.xcassets */,
				55E93BE32836088800E1A88E /* LaunchScreen.storyboard */,
				55E93BE62836088800E1A88E /* Info.plist */,
			);
			path = "HLF-Clone-iOS";
			sourceTree = "<group>";
		};
		55E93BEC28360D6400E1A88E /* SignUp */ = {
			isa = PBXGroup;
			children = (
				55E93BED28360D7500E1A88E /* SignUpModel.swift */,
			);
			path = SignUp;
			sourceTree = "<group>";
		};
/* End PBXGroup section */

/* Begin PBXNativeTarget section */
		0A98BCF628366636000183A4 /* HLF-Clone-iOSUITests */ = {
			isa = PBXNativeTarget;
			buildConfigurationList = 0A98BCFF28366636000183A4 /* Build configuration list for PBXNativeTarget "HLF-Clone-iOSUITests" */;
			buildPhases = (
				0A98BCF328366636000183A4 /* Sources */,
				0A98BCF428366636000183A4 /* Frameworks */,
				0A98BCF528366636000183A4 /* Resources */,
			);
			buildRules = (
			);
			dependencies = (
				0A98BCFE28366636000183A4 /* PBXTargetDependency */,
			);
			name = "HLF-Clone-iOSUITests";
			productName = "HLF-Clone-iOSUITests";
			productReference = 0A98BCF728366636000183A4 /* HLF-Clone-iOSUITests.xctest */;
			productType = "com.apple.product-type.bundle.ui-testing";
		};
		0A98BD19283B85AE000183A4 /* HLF-Clone-iOSTests */ = {
			isa = PBXNativeTarget;
			buildConfigurationList = 0A98BD22283B85AE000183A4 /* Build configuration list for PBXNativeTarget "HLF-Clone-iOSTests" */;
			buildPhases = (
				0A98BD16283B85AE000183A4 /* Sources */,
				0A98BD17283B85AE000183A4 /* Frameworks */,
				0A98BD18283B85AE000183A4 /* Resources */,
			);
			buildRules = (
			);
			dependencies = (
				0A98BD1F283B85AE000183A4 /* PBXTargetDependency */,
			);
			name = "HLF-Clone-iOSTests";
			productName = "HLF-Clone-iOSTests";
			productReference = 0A98BD1A283B85AE000183A4 /* HLF-Clone-iOSTests.xctest */;
			productType = "com.apple.product-type.bundle.unit-test";
		};
		55E93BD42836088600E1A88E /* HLF-Clone-iOS */ = {
			isa = PBXNativeTarget;
			buildConfigurationList = 55E93BE92836088800E1A88E /* Build configuration list for PBXNativeTarget "HLF-Clone-iOS" */;
			buildPhases = (
				55E93BD12836088600E1A88E /* Sources */,
				55E93BD22836088600E1A88E /* Frameworks */,
				55E93BD32836088600E1A88E /* Resources */,
			);
			buildRules = (
			);
			dependencies = (
			);
			name = "HLF-Clone-iOS";
			productName = "HLF-Clone-iOS";
			productReference = 55E93BD52836088600E1A88E /* HLF-Clone-iOS.app */;
			productType = "com.apple.product-type.application";
		};
/* End PBXNativeTarget section */

/* Begin PBXProject section */
		55E93BCD2836088600E1A88E /* Project object */ = {
			isa = PBXProject;
			attributes = {
				BuildIndependentTargetsInParallel = 1;
				LastSwiftUpdateCheck = 1340;
				LastUpgradeCheck = 1320;
				TargetAttributes = {
					0A98BCF628366636000183A4 = {
						CreatedOnToolsVersion = 13.4;
						TestTargetID = 55E93BD42836088600E1A88E;
					};
					0A98BD19283B85AE000183A4 = {
						CreatedOnToolsVersion = 13.4;
						TestTargetID = 55E93BD42836088600E1A88E;
					};
					55E93BD42836088600E1A88E = {
						CreatedOnToolsVersion = 13.2.1;
					};
				};
			};
			buildConfigurationList = 55E93BD02836088600E1A88E /* Build configuration list for PBXProject "HLF-Clone-iOS" */;
			compatibilityVersion = "Xcode 13.0";
			developmentRegion = en;
			hasScannedForEncodings = 0;
			knownRegions = (
				en,
				Base,
			);
			mainGroup = 55E93BCC2836088600E1A88E;
			productRefGroup = 55E93BD62836088600E1A88E /* Products */;
			projectDirPath = "";
			projectRoot = "";
			targets = (
				55E93BD42836088600E1A88E /* HLF-Clone-iOS */,
				0A98BCF628366636000183A4 /* HLF-Clone-iOSUITests */,
				0A98BD19283B85AE000183A4 /* HLF-Clone-iOSTests */,
			);
		};
/* End PBXProject section */

/* Begin PBXResourcesBuildPhase section */
		0A98BCF528366636000183A4 /* Resources */ = {
			isa = PBXResourcesBuildPhase;
			buildActionMask = 2147483647;
			files = (
			);
			runOnlyForDeploymentPostprocessing = 0;
		};
		0A98BD18283B85AE000183A4 /* Resources */ = {
			isa = PBXResourcesBuildPhase;
			buildActionMask = 2147483647;
			files = (
			);
			runOnlyForDeploymentPostprocessing = 0;
		};
		55E93BD32836088600E1A88E /* Resources */ = {
			isa = PBXResourcesBuildPhase;
			buildActionMask = 2147483647;
			files = (
				0A98BCE028364785000183A4 /* loginUI.storyboard in Resources */,
				55E93BE52836088800E1A88E /* LaunchScreen.storyboard in Resources */,
				55E93BE22836088800E1A88E /* Assets.xcassets in Resources */,
				55E93BE02836088600E1A88E /* Main.storyboard in Resources */,
			);
			runOnlyForDeploymentPostprocessing = 0;
		};
/* End PBXResourcesBuildPhase section */

/* Begin PBXSourcesBuildPhase section */
		0A98BCF328366636000183A4 /* Sources */ = {
			isa = PBXSourcesBuildPhase;
			buildActionMask = 2147483647;
			files = (
				0A98BCFA28366636000183A4 /* HLF_Clone_iOSUITests.swift in Sources */,
				0A98BCFC28366636000183A4 /* HLF_Clone_iOSUITestsLaunchTests.swift in Sources */,
			);
			runOnlyForDeploymentPostprocessing = 0;
		};
		0A98BD16283B85AE000183A4 /* Sources */ = {
			isa = PBXSourcesBuildPhase;
			buildActionMask = 2147483647;
			files = (
				0A98BD1D283B85AE000183A4 /* HLF_Clone_iOSTests.swift in Sources */,
			);
			runOnlyForDeploymentPostprocessing = 0;
		};
		55E93BD12836088600E1A88E /* Sources */ = {
			isa = PBXSourcesBuildPhase;
			buildActionMask = 2147483647;
			files = (
				55E93BDD2836088600E1A88E /* ViewController.swift in Sources */,
				0A98BD4A283B92F2000183A4 /* ValidationResponse.swift in Sources */,
				0A98BD48283B92C4000183A4 /* loginApiResource.swift in Sources */,
				55E93BD92836088600E1A88E /* AppDelegate.swift in Sources */,
				55E93BDB2836088600E1A88E /* SceneDelegate.swift in Sources */,
				0A98BCE228364C26000183A4 /* LoginViewController.swift in Sources */,
				55E93BEE28360D7500E1A88E /* SignUpModel.swift in Sources */,
				0A98BD44283B927C000183A4 /* loginData.swift in Sources */,
				0A98BD4C283B9316000183A4 /* LoginValidation.swift in Sources */,
				0A98BD40283B923B000183A4 /* LoginRequest.swift in Sources */,
				0A98BD42283B925D000183A4 /* LoginResponse.swift in Sources */,
				0A98BD46283B9296000183A4 /* LoginHandlers.swift in Sources */,
				0A98BD3E283B91EC000183A4 /* StringExtensions.swift in Sources */,
			);
			runOnlyForDeploymentPostprocessing = 0;
		};
/* End PBXSourcesBuildPhase section */

/* Begin PBXTargetDependency section */
		0A98BCFE28366636000183A4 /* PBXTargetDependency */ = {
			isa = PBXTargetDependency;
			target = 55E93BD42836088600E1A88E /* HLF-Clone-iOS */;
			targetProxy = 0A98BCFD28366636000183A4 /* PBXContainerItemProxy */;
		};
		0A98BD1F283B85AE000183A4 /* PBXTargetDependency */ = {
			isa = PBXTargetDependency;
			target = 55E93BD42836088600E1A88E /* HLF-Clone-iOS */;
			targetProxy = 0A98BD1E283B85AE000183A4 /* PBXContainerItemProxy */;
		};
/* End PBXTargetDependency section */

/* Begin PBXVariantGroup section */
		55E93BDE2836088600E1A88E /* Main.storyboard */ = {
			isa = PBXVariantGroup;
			children = (
				55E93BDF2836088600E1A88E /* Base */,
			);
			name = Main.storyboard;
			sourceTree = "<group>";
		};
		55E93BE32836088800E1A88E /* LaunchScreen.storyboard */ = {
			isa = PBXVariantGroup;
			children = (
				55E93BE42836088800E1A88E /* Base */,
			);
			name = LaunchScreen.storyboard;
			sourceTree = "<group>";
		};
/* End PBXVariantGroup section */

/* Begin XCBuildConfiguration section */
		0A98BD0028366636000183A4 /* Debug */ = {
			isa = XCBuildConfiguration;
			buildSettings = {
				CODE_SIGN_STYLE = Automatic;
				CURRENT_PROJECT_VERSION = 1;
				DEVELOPMENT_TEAM = HY8T35RQ36;
				GENERATE_INFOPLIST_FILE = YES;
				IPHONEOS_DEPLOYMENT_TARGET = 15.5;
				MARKETING_VERSION = 1.0;
				PRODUCT_BUNDLE_IDENTIFIER = "self.HLF-Clone-iOSUITests";
				PRODUCT_NAME = "$(TARGET_NAME)";
				SWIFT_EMIT_LOC_STRINGS = NO;
				SWIFT_VERSION = 5.0;
				TARGETED_DEVICE_FAMILY = "1,2";
				TEST_TARGET_NAME = "HLF-Clone-iOS";
			};
			name = Debug;
		};
		0A98BD0128366636000183A4 /* Release */ = {
			isa = XCBuildConfiguration;
			buildSettings = {
				CODE_SIGN_STYLE = Automatic;
				CURRENT_PROJECT_VERSION = 1;
				DEVELOPMENT_TEAM = HY8T35RQ36;
				GENERATE_INFOPLIST_FILE = YES;
				IPHONEOS_DEPLOYMENT_TARGET = 15.5;
				MARKETING_VERSION = 1.0;
				PRODUCT_BUNDLE_IDENTIFIER = "self.HLF-Clone-iOSUITests";
				PRODUCT_NAME = "$(TARGET_NAME)";
				SWIFT_EMIT_LOC_STRINGS = NO;
				SWIFT_VERSION = 5.0;
				TARGETED_DEVICE_FAMILY = "1,2";
				TEST_TARGET_NAME = "HLF-Clone-iOS";
			};
			name = Release;
		};
		0A98BD20283B85AE000183A4 /* Debug */ = {
			isa = XCBuildConfiguration;
			buildSettings = {
				BUNDLE_LOADER = "$(TEST_HOST)";
				CODE_SIGN_STYLE = Automatic;
				CURRENT_PROJECT_VERSION = 1;
				DEVELOPMENT_TEAM = HY8T35RQ36;
				GENERATE_INFOPLIST_FILE = YES;
				IPHONEOS_DEPLOYMENT_TARGET = 15.5;
				MARKETING_VERSION = 1.0;
				PRODUCT_BUNDLE_IDENTIFIER = "self.HLF-Clone-iOSTests";
				PRODUCT_NAME = "$(TARGET_NAME)";
				SWIFT_EMIT_LOC_STRINGS = NO;
				SWIFT_VERSION = 5.0;
				TARGETED_DEVICE_FAMILY = "1,2";
				TEST_HOST = "$(BUILT_PRODUCTS_DIR)/HLF-Clone-iOS.app/HLF-Clone-iOS";
			};
			name = Debug;
		};
		0A98BD21283B85AE000183A4 /* Release */ = {
			isa = XCBuildConfiguration;
			buildSettings = {
				BUNDLE_LOADER = "$(TEST_HOST)";
				CODE_SIGN_STYLE = Automatic;
				CURRENT_PROJECT_VERSION = 1;
				DEVELOPMENT_TEAM = HY8T35RQ36;
				GENERATE_INFOPLIST_FILE = YES;
				IPHONEOS_DEPLOYMENT_TARGET = 15.5;
				MARKETING_VERSION = 1.0;
				PRODUCT_BUNDLE_IDENTIFIER = "self.HLF-Clone-iOSTests";
				PRODUCT_NAME = "$(TARGET_NAME)";
				SWIFT_EMIT_LOC_STRINGS = NO;
				SWIFT_VERSION = 5.0;
				TARGETED_DEVICE_FAMILY = "1,2";
				TEST_HOST = "$(BUILT_PRODUCTS_DIR)/HLF-Clone-iOS.app/HLF-Clone-iOS";
			};
			name = Release;
		};
		55E93BE72836088800E1A88E /* Debug */ = {
			isa = XCBuildConfiguration;
			buildSettings = {
				ALWAYS_SEARCH_USER_PATHS = NO;
				CLANG_ANALYZER_NONNULL = YES;
				CLANG_ANALYZER_NUMBER_OBJECT_CONVERSION = YES_AGGRESSIVE;
				CLANG_CXX_LANGUAGE_STANDARD = "gnu++17";
				CLANG_CXX_LIBRARY = "libc++";
				CLANG_ENABLE_MODULES = YES;
				CLANG_ENABLE_OBJC_ARC = YES;
				CLANG_ENABLE_OBJC_WEAK = YES;
				CLANG_WARN_BLOCK_CAPTURE_AUTORELEASING = YES;
				CLANG_WARN_BOOL_CONVERSION = YES;
				CLANG_WARN_COMMA = YES;
				CLANG_WARN_CONSTANT_CONVERSION = YES;
				CLANG_WARN_DEPRECATED_OBJC_IMPLEMENTATIONS = YES;
				CLANG_WARN_DIRECT_OBJC_ISA_USAGE = YES_ERROR;
				CLANG_WARN_DOCUMENTATION_COMMENTS = YES;
				CLANG_WARN_EMPTY_BODY = YES;
				CLANG_WARN_ENUM_CONVERSION = YES;
				CLANG_WARN_INFINITE_RECURSION = YES;
				CLANG_WARN_INT_CONVERSION = YES;
				CLANG_WARN_NON_LITERAL_NULL_CONVERSION = YES;
				CLANG_WARN_OBJC_IMPLICIT_RETAIN_SELF = YES;
				CLANG_WARN_OBJC_LITERAL_CONVERSION = YES;
				CLANG_WARN_OBJC_ROOT_CLASS = YES_ERROR;
				CLANG_WARN_QUOTED_INCLUDE_IN_FRAMEWORK_HEADER = YES;
				CLANG_WARN_RANGE_LOOP_ANALYSIS = YES;
				CLANG_WARN_STRICT_PROTOTYPES = YES;
				CLANG_WARN_SUSPICIOUS_MOVE = YES;
				CLANG_WARN_UNGUARDED_AVAILABILITY = YES_AGGRESSIVE;
				CLANG_WARN_UNREACHABLE_CODE = YES;
				CLANG_WARN__DUPLICATE_METHOD_MATCH = YES;
				COPY_PHASE_STRIP = NO;
				DEBUG_INFORMATION_FORMAT = dwarf;
				ENABLE_STRICT_OBJC_MSGSEND = YES;
				ENABLE_TESTABILITY = YES;
				GCC_C_LANGUAGE_STANDARD = gnu11;
				GCC_DYNAMIC_NO_PIC = NO;
				GCC_NO_COMMON_BLOCKS = YES;
				GCC_OPTIMIZATION_LEVEL = 0;
				GCC_PREPROCESSOR_DEFINITIONS = (
					"DEBUG=1",
					"$(inherited)",
				);
				GCC_WARN_64_TO_32_BIT_CONVERSION = YES;
				GCC_WARN_ABOUT_RETURN_TYPE = YES_ERROR;
				GCC_WARN_UNDECLARED_SELECTOR = YES;
				GCC_WARN_UNINITIALIZED_AUTOS = YES_AGGRESSIVE;
				GCC_WARN_UNUSED_FUNCTION = YES;
				GCC_WARN_UNUSED_VARIABLE = YES;
				IPHONEOS_DEPLOYMENT_TARGET = 15.2;
				MTL_ENABLE_DEBUG_INFO = INCLUDE_SOURCE;
				MTL_FAST_MATH = YES;
				ONLY_ACTIVE_ARCH = YES;
				SDKROOT = iphoneos;
				SWIFT_ACTIVE_COMPILATION_CONDITIONS = DEBUG;
				SWIFT_OPTIMIZATION_LEVEL = "-Onone";
			};
			name = Debug;
		};
		55E93BE82836088800E1A88E /* Release */ = {
			isa = XCBuildConfiguration;
			buildSettings = {
				ALWAYS_SEARCH_USER_PATHS = NO;
				CLANG_ANALYZER_NONNULL = YES;
				CLANG_ANALYZER_NUMBER_OBJECT_CONVERSION = YES_AGGRESSIVE;
				CLANG_CXX_LANGUAGE_STANDARD = "gnu++17";
				CLANG_CXX_LIBRARY = "libc++";
				CLANG_ENABLE_MODULES = YES;
				CLANG_ENABLE_OBJC_ARC = YES;
				CLANG_ENABLE_OBJC_WEAK = YES;
				CLANG_WARN_BLOCK_CAPTURE_AUTORELEASING = YES;
				CLANG_WARN_BOOL_CONVERSION = YES;
				CLANG_WARN_COMMA = YES;
				CLANG_WARN_CONSTANT_CONVERSION = YES;
				CLANG_WARN_DEPRECATED_OBJC_IMPLEMENTATIONS = YES;
				CLANG_WARN_DIRECT_OBJC_ISA_USAGE = YES_ERROR;
				CLANG_WARN_DOCUMENTATION_COMMENTS = YES;
				CLANG_WARN_EMPTY_BODY = YES;
				CLANG_WARN_ENUM_CONVERSION = YES;
				CLANG_WARN_INFINITE_RECURSION = YES;
				CLANG_WARN_INT_CONVERSION = YES;
				CLANG_WARN_NON_LITERAL_NULL_CONVERSION = YES;
				CLANG_WARN_OBJC_IMPLICIT_RETAIN_SELF = YES;
				CLANG_WARN_OBJC_LITERAL_CONVERSION = YES;
				CLANG_WARN_OBJC_ROOT_CLASS = YES_ERROR;
				CLANG_WARN_QUOTED_INCLUDE_IN_FRAMEWORK_HEADER = YES;
				CLANG_WARN_RANGE_LOOP_ANALYSIS = YES;
				CLANG_WARN_STRICT_PROTOTYPES = YES;
				CLANG_WARN_SUSPICIOUS_MOVE = YES;
				CLANG_WARN_UNGUARDED_AVAILABILITY = YES_AGGRESSIVE;
				CLANG_WARN_UNREACHABLE_CODE = YES;
				CLANG_WARN__DUPLICATE_METHOD_MATCH = YES;
				COPY_PHASE_STRIP = NO;
				DEBUG_INFORMATION_FORMAT = "dwarf-with-dsym";
				ENABLE_NS_ASSERTIONS = NO;
				ENABLE_STRICT_OBJC_MSGSEND = YES;
				GCC_C_LANGUAGE_STANDARD = gnu11;
				GCC_NO_COMMON_BLOCKS = YES;
				GCC_WARN_64_TO_32_BIT_CONVERSION = YES;
				GCC_WARN_ABOUT_RETURN_TYPE = YES_ERROR;
				GCC_WARN_UNDECLARED_SELECTOR = YES;
				GCC_WARN_UNINITIALIZED_AUTOS = YES_AGGRESSIVE;
				GCC_WARN_UNUSED_FUNCTION = YES;
				GCC_WARN_UNUSED_VARIABLE = YES;
				IPHONEOS_DEPLOYMENT_TARGET = 15.2;
				MTL_ENABLE_DEBUG_INFO = NO;
				MTL_FAST_MATH = YES;
				SDKROOT = iphoneos;
				SWIFT_COMPILATION_MODE = wholemodule;
				SWIFT_OPTIMIZATION_LEVEL = "-O";
				VALIDATE_PRODUCT = YES;
			};
			name = Release;
		};
		55E93BEA2836088800E1A88E /* Debug */ = {
			isa = XCBuildConfiguration;
			buildSettings = {
				ASSETCATALOG_COMPILER_APPICON_NAME = AppIcon;
				ASSETCATALOG_COMPILER_GLOBAL_ACCENT_COLOR_NAME = AccentColor;
				CODE_SIGN_STYLE = Automatic;
				CURRENT_PROJECT_VERSION = 1;
				DEVELOPMENT_TEAM = 33ZGL3A862;
				GENERATE_INFOPLIST_FILE = YES;
				INFOPLIST_FILE = "HLF-Clone-iOS/Info.plist";
				INFOPLIST_KEY_UIApplicationSupportsIndirectInputEvents = YES;
				INFOPLIST_KEY_UILaunchStoryboardName = LaunchScreen;
				INFOPLIST_KEY_UIMainStoryboardFile = Main;
				INFOPLIST_KEY_UISupportedInterfaceOrientations_iPad = "UIInterfaceOrientationPortrait UIInterfaceOrientationPortraitUpsideDown UIInterfaceOrientationLandscapeLeft UIInterfaceOrientationLandscapeRight";
				INFOPLIST_KEY_UISupportedInterfaceOrientations_iPhone = "UIInterfaceOrientationPortrait UIInterfaceOrientationLandscapeLeft UIInterfaceOrientationLandscapeRight";
				LD_RUNPATH_SEARCH_PATHS = (
					"$(inherited)",
					"@executable_path/Frameworks",
				);
				MARKETING_VERSION = 1.0;
				PRODUCT_BUNDLE_IDENTIFIER = "com.perennialsys.HLF-Clone-iOS";
				PRODUCT_NAME = "$(TARGET_NAME)";
				SWIFT_EMIT_LOC_STRINGS = YES;
				SWIFT_VERSION = 5.0;
				TARGETED_DEVICE_FAMILY = "1,2";
			};
			name = Debug;
		};
		55E93BEB2836088800E1A88E /* Release */ = {
			isa = XCBuildConfiguration;
			buildSettings = {
				ASSETCATALOG_COMPILER_APPICON_NAME = AppIcon;
				ASSETCATALOG_COMPILER_GLOBAL_ACCENT_COLOR_NAME = AccentColor;
				CODE_SIGN_STYLE = Automatic;
				CURRENT_PROJECT_VERSION = 1;
				DEVELOPMENT_TEAM = 33ZGL3A862;
				GENERATE_INFOPLIST_FILE = YES;
				INFOPLIST_FILE = "HLF-Clone-iOS/Info.plist";
				INFOPLIST_KEY_UIApplicationSupportsIndirectInputEvents = YES;
				INFOPLIST_KEY_UILaunchStoryboardName = LaunchScreen;
				INFOPLIST_KEY_UIMainStoryboardFile = Main;
				INFOPLIST_KEY_UISupportedInterfaceOrientations_iPad = "UIInterfaceOrientationPortrait UIInterfaceOrientationPortraitUpsideDown UIInterfaceOrientationLandscapeLeft UIInterfaceOrientationLandscapeRight";
				INFOPLIST_KEY_UISupportedInterfaceOrientations_iPhone = "UIInterfaceOrientationPortrait UIInterfaceOrientationLandscapeLeft UIInterfaceOrientationLandscapeRight";
				LD_RUNPATH_SEARCH_PATHS = (
					"$(inherited)",
					"@executable_path/Frameworks",
				);
				MARKETING_VERSION = 1.0;
				PRODUCT_BUNDLE_IDENTIFIER = "com.perennialsys.HLF-Clone-iOS";
				PRODUCT_NAME = "$(TARGET_NAME)";
				SWIFT_EMIT_LOC_STRINGS = YES;
				SWIFT_VERSION = 5.0;
				TARGETED_DEVICE_FAMILY = "1,2";
			};
			name = Release;
		};
/* End XCBuildConfiguration section */

/* Begin XCConfigurationList section */
		0A98BCFF28366636000183A4 /* Build configuration list for PBXNativeTarget "HLF-Clone-iOSUITests" */ = {
			isa = XCConfigurationList;
			buildConfigurations = (
				0A98BD0028366636000183A4 /* Debug */,
				0A98BD0128366636000183A4 /* Release */,
			);
			defaultConfigurationIsVisible = 0;
			defaultConfigurationName = Release;
		};
		0A98BD22283B85AE000183A4 /* Build configuration list for PBXNativeTarget "HLF-Clone-iOSTests" */ = {
			isa = XCConfigurationList;
			buildConfigurations = (
				0A98BD20283B85AE000183A4 /* Debug */,
				0A98BD21283B85AE000183A4 /* Release */,
			);
			defaultConfigurationIsVisible = 0;
			defaultConfigurationName = Release;
		};
		55E93BD02836088600E1A88E /* Build configuration list for PBXProject "HLF-Clone-iOS" */ = {
			isa = XCConfigurationList;
			buildConfigurations = (
				55E93BE72836088800E1A88E /* Debug */,
				55E93BE82836088800E1A88E /* Release */,
			);
			defaultConfigurationIsVisible = 0;
			defaultConfigurationName = Release;
		};
		55E93BE92836088800E1A88E /* Build configuration list for PBXNativeTarget "HLF-Clone-iOS" */ = {
			isa = XCConfigurationList;
			buildConfigurations = (
				55E93BEA2836088800E1A88E /* Debug */,
				55E93BEB2836088800E1A88E /* Release */,
			);
			defaultConfigurationIsVisible = 0;
			defaultConfigurationName = Release;
		};
/* End XCConfigurationList section */
	};
	rootObject = 55E93BCD2836088600E1A88E /* Project object */;
}
